Microsoft Visual Studio Solution File, Format Version 12.00
# Visual Studio Version 17
VisualStudioVersion = 17.0.31903.59
MinimumVisualStudioVersion = 10.0.40219.1
Project("{2150E333-8FDC-42A3-9474-1A3956D46DE8}") = "src", "src", "{8A7F1C8E-3B9D-4F2C-8E1A-9B3C7D5F2E4A}"
EndProject
Project("{2150E333-8FDC-42A3-9474-1A3956D46DE8}") = "tests", "tests", "{7B2F8D9E-4C1A-5E3B-9F2D-8A6C9E1F3B7D}"
EndProject
Project("{FAE04EC0-301F-11D3-BF4B-00C04F79EFBC}") = "POE2Finance.Core", "src\POE2Finance.Core\POE2Finance.Core.csproj", "{A1B2C3D4-E5F6-7890-1234-567890ABCDEF}"
EndProject
Project("{FAE04EC0-301F-11D3-BF4B-00C04F79EFBC}") = "POE2Finance.Data", "src\POE2Finance.Data\POE2Finance.Data.csproj", "{EC893D90-08A7-4BD4-9040-B44F65C9C468}"
EndProject
Project("{FAE04EC0-301F-11D3-BF4B-00C04F79EFBC}") = "POE2Finance.Services", "src\POE2Finance.Services\POE2Finance.Services.csproj", "{61873AA0-A941-4F47-8F1E-B38475B0B5ED}"
EndProject
Project("{FAE04EC0-301F-11D3-BF4B-00C04F79EFBC}") = "POE2Finance.Web", "src\POE2Finance.Web\POE2Finance.Web.csproj", "{424520E0-2EF4-4F82-AC5F-9FD43117BBF4}"
EndProject
Project("{FAE04EC0-301F-11D3-BF4B-00C04F79EFBC}") = "POE2Finance.Tests", "tests\POE2Finance.Tests\POE2Finance.Tests.csproj", "{9257BC1E-B698-446A-8D68-75EB649063DE}"
EndProject
Global
	GlobalSection(SolutionConfigurationPlatforms) = preSolution
		Debug|Any CPU = Debug|Any CPU
		Release|Any CPU = Release|Any CPU
	EndGlobalSection
	GlobalSection(ProjectConfigurationPlatforms) = postSolution
		{A1B2C3D4-E5F6-7890-1234-567890ABCDEF}.Debug|Any CPU.ActiveCfg = Debug|Any CPU
		{A1B2C3D4-E5F6-7890-1234-567890ABCDEF}.Debug|Any CPU.Build.0 = Debug|Any CPU
		{A1B2C3D4-E5F6-7890-1234-567890ABCDEF}.Release|Any CPU.ActiveCfg = Release|Any CPU
		{A1B2C3D4-E5F6-7890-1234-567890ABCDEF}.Release|Any CPU.Build.0 = Release|Any CPU
		{EC893D90-08A7-4BD4-9040-B44F65C9C468}.Debug|Any CPU.ActiveCfg = Debug|Any CPU
		{EC893D90-08A7-4BD4-9040-B44F65C9C468}.Debug|Any CPU.Build.0 = Debug|Any CPU
		{EC893D90-08A7-4BD4-9040-B44F65C9C468}.Release|Any CPU.ActiveCfg = Release|Any CPU
		{EC893D90-08A7-4BD4-9040-B44F65C9C468}.Release|Any CPU.Build.0 = Release|Any CPU
		{61873AA0-A941-4F47-8F1E-B38475B0B5ED}.Debug|Any CPU.ActiveCfg = Debug|Any CPU
		{61873AA0-A941-4F47-8F1E-B38475B0B5ED}.Debug|Any CPU.Build.0 = Debug|Any CPU
		{61873AA0-A941-4F47-8F1E-B38475B0B5ED}.Release|Any CPU.ActiveCfg = Release|Any CPU
		{61873AA0-A941-4F47-8F1E-B38475B0B5ED}.Release|Any CPU.Build.0 = Release|Any CPU
		{424520E0-2EF4-4F82-AC5F-9FD43117BBF4}.Debug|Any CPU.ActiveCfg = Debug|Any CPU
		{424520E0-2EF4-4F82-AC5F-9FD43117BBF4}.Debug|Any CPU.Build.0 = Debug|Any CPU
		{424520E0-2EF4-4F82-AC5F-9FD43117BBF4}.Release|Any CPU.ActiveCfg = Release|Any CPU
		{424520E0-2EF4-4F82-AC5F-9FD43117BBF4}.Release|Any CPU.Build.0 = Release|Any CPU
		{9257BC1E-B698-446A-8D68-75EB649063DE}.Debug|Any CPU.ActiveCfg = Debug|Any CPU
		{9257BC1E-B698-446A-8D68-75EB649063DE}.Debug|Any CPU.Build.0 = Debug|Any CPU
		{9257BC1E-B698-446A-8D68-75EB649063DE}.Release|Any CPU.ActiveCfg = Release|Any CPU
		{9257BC1E-B698-446A-8D68-75EB649063DE}.Release|Any CPU.Build.0 = Release|Any CPU
	EndGlobalSection
	GlobalSection(SolutionProperties) = preSolution
		HideSolutionNode = FALSE
	EndGlobalSection
	GlobalSection(NestedProjects) = preSolution
		{A1B2C3D4-E5F6-7890-1234-567890ABCDEF} = {8A7F1C8E-3B9D-4F2C-8E1A-9B3C7D5F2E4A}
	EndGlobalSection
	GlobalSection(ExtensibilityGlobals) = postSolution
		SolutionGuid = {E0133CBE-8AC7-46B5-BBA5-FBB4063CBA8B}
	EndGlobalSection
EndGlobal
